<?xml version="1.0" encoding="utf-8"?>
<Project ToolsVersion="4.0" xmlns="http://schemas.microsoft.com/developer/msbuild/2003">
  <ItemGroup>
    <Filter Include="DirectXGame">
      <UniqueIdentifier>{9831eb97-197a-5c33-a61f-2de490781bb7}</UniqueIdentifier>
    </Filter>
    <Filter Include="DirectXGame\Debug">
      <UniqueIdentifier>{b5c372cb-83f6-5f1c-82df-e405a18b7d54}</UniqueIdentifier>
    </Filter>
    <Filter Include="DirectXGame\GameEngine">
      <UniqueIdentifier>{e18e07ca-1f1c-5141-8ab1-f4fa3e157407}</UniqueIdentifier>
    </Filter>
    <Filter Include="DirectXGame\GameEngine\Core">
      <UniqueIdentifier>{231b8a3b-4dd6-5658-ba32-b847cdf00e49}</UniqueIdentifier>
    </Filter>
    <Filter Include="DirectXGame\GameEngine\Core\Input">
      <UniqueIdentifier>{6028f6cd-e289-57f0-a1e2-fa26847d1e26}</UniqueIdentifier>
    </Filter>
    <Filter Include="DirectXGame\GameEngine\External">
      <UniqueIdentifier>{9957f1fe-32f0-5d71-a4ff-ffc916c59abe}</UniqueIdentifier>
    </Filter>
    <Filter Include="DirectXGame\GameEngine\Graphics">
      <UniqueIdentifier>{4bf9b396-c8a9-53c4-aa21-63952d19bf4f}</UniqueIdentifier>
    </Filter>
    <Filter Include="DirectXGame\GameEngine\Graphics\Camera">
      <UniqueIdentifier>{1503a08e-417a-5b83-93a1-734092a91749}</UniqueIdentifier>
    </Filter>
    <Filter Include="DirectXGame\GameEngine\Graphics\Effect">
      <UniqueIdentifier>{8ccea93f-fcd9-5c19-9c66-c32f4b360983}</UniqueIdentifier>
    </Filter>
    <Filter Include="DirectXGame\GameEngine\Graphics\Light">
      <UniqueIdentifier>{8f6cb5b0-e3cd-570a-b018-34e76cf8e460}</UniqueIdentifier>
    </Filter>
    <Filter Include="DirectXGame\GameEngine\Graphics\Object3D">
      <UniqueIdentifier>{13dc1f05-7733-5452-84c7-98584e06d3f7}</UniqueIdentifier>
    </Filter>
    <Filter Include="DirectXGame\GameEngine\Graphics\OffscreenRendering">
      <UniqueIdentifier>{b1908467-5492-5467-a901-83fd0f7aabb6}</UniqueIdentifier>
    </Filter>
    <Filter Include="DirectXGame\GameEngine\Graphics\OffscreenRendering\FilterEffect">
      <UniqueIdentifier>{dc31375c-abc3-5bd5-b947-37ec5a3860cc}</UniqueIdentifier>
    </Filter>
    <Filter Include="DirectXGame\GameEngine\Graphics\Particle">
      <UniqueIdentifier>{2fa73537-645c-5582-8019-c559fd9b982a}</UniqueIdentifier>
    </Filter>
    <Filter Include="DirectXGame\GameEngine\Graphics\Primitive">
      <UniqueIdentifier>{c9565a7e-7061-5e02-8f32-1cfa09b4f098}</UniqueIdentifier>
    </Filter>
    <Filter Include="DirectXGame\GameEngine\Graphics\Shadow">
      <UniqueIdentifier>{6adcc478-68ea-543e-b6db-1c501e0f82f0}</UniqueIdentifier>
    </Filter>
    <Filter Include="DirectXGame\GameEngine\Graphics\Skybox">
      <UniqueIdentifier>{f89efbdf-2d1f-5d47-b14c-735152d6b644}</UniqueIdentifier>
    </Filter>
    <Filter Include="DirectXGame\GameEngine\Graphics\Sprite">
      <UniqueIdentifier>{1ad00113-230c-591b-9807-3b32fdd4a809}</UniqueIdentifier>
    </Filter>
    <Filter Include="DirectXGame\GameEngine\Graphics\Text">
      <UniqueIdentifier>{bd1aa76c-ce90-55c0-9089-c9468e2b2269}</UniqueIdentifier>
    </Filter>
    <Filter Include="DirectXGame\GameEngine\Level">
      <UniqueIdentifier>{85cee07d-60bd-5a16-8420-ac4b1ed15715}</UniqueIdentifier>
    </Filter>
    <Filter Include="DirectXGame\GameEngine\Math">
      <UniqueIdentifier>{c6ff0a58-c0e3-5b34-9d54-afcab1fd434e}</UniqueIdentifier>
    </Filter>
    <Filter Include="DirectXGame\GameEngine\Math\Physics">
      <UniqueIdentifier>{9173cab6-d190-5ba8-87e0-45c954af91ec}</UniqueIdentifier>
    </Filter>
    <Filter Include="DirectXGame\GameEngine\Profiling">
      <UniqueIdentifier>{7b48cea7-a116-5035-a456-525d9f8726c7}</UniqueIdentifier>
    </Filter>
    <Filter Include="DirectXGame\GameEngine\Scene">
      <UniqueIdentifier>{e93f3208-7c98-50fc-82fa-901384ed2f20}</UniqueIdentifier>
    </Filter>
    <Filter Include="DirectXGame\GameEngine\Sound">
      <UniqueIdentifier>{37574457-54f6-5c22-8a0f-6e6219682c2f}</UniqueIdentifier>
    </Filter>
    <Filter Include="DirectXGame\GameEngine\Utility">
      <UniqueIdentifier>{717682ec-b5a6-5842-a16f-ba90d9983a60}</UniqueIdentifier>
    </Filter>
    <Filter Include="DirectXGame\GameEngine\Utility\Json">
      <UniqueIdentifier>{5c20c8ff-fd14-510a-8fd2-1c29e2bd59ee}</UniqueIdentifier>
    </Filter>
    <Filter Include="DirectXGame\ImGUIManager">
      <UniqueIdentifier>{7976d01c-040d-5524-9034-78d4828283c3}</UniqueIdentifier>
    </Filter>
    <Filter Include="externals">
      <UniqueIdentifier>{ded499be-a46e-5f05-8351-953de347a116}</UniqueIdentifier>
    </Filter>
    <Filter Include="externals\ImGUI">
      <UniqueIdentifier>{45204555-0538-5e6b-8509-668f47f8eed2}</UniqueIdentifier>
    </Filter>
    <Filter Include="externals\ImGui_Docking">
      <UniqueIdentifier>{7266c839-b7ef-5edd-8102-2cdc0f014abe}</UniqueIdentifier>
    </Filter>
    <Filter Include="externals\ImGui_Docking\backends">
      <UniqueIdentifier>{b3099781-3503-5fb8-b668-2514375dc3ec}</UniqueIdentifier>
    </Filter>
    <Filter Include="externals\quirc">
      <UniqueIdentifier>{6ac0482a-7cb7-5073-bfc1-bc2e61f2b85d}</UniqueIdentifier>
    </Filter>
  </ItemGroup>
  <ItemGroup>
    <ClCompile Include="..\DirectXGame\GameEngine\Graphics\Object3D\AnimatedObject3DInstance.cpp">
      <Filter>DirectXGame\GameEngine\Graphics\Object3D</Filter>
    </ClCompile>
    <ClCompile Include="..\DirectXGame\GameEngine\Graphics\Object3D\BoneSocket.cpp">
      <Filter>DirectXGame\GameEngine\Graphics\Object3D</Filter>
    </ClCompile>
    <ClCompile Include="..\DirectXGame\GameEngine\Graphics\Object3D\AnimatedModelInstance.cpp">
      <Filter>DirectXGame\GameEngine\Graphics\Object3D</Filter>
    </ClCompile>
    <ClCompile Include="..\DirectXGame\GameEngine\Graphics\Object3D\Animation.cpp">
      <Filter>DirectXGame\GameEngine\Graphics\Object3D</Filter>
    </ClCompile>
    <ClCompile Include="..\DirectXGame\GameEngine\Graphics\OffscreenRendering\FilterEffect\BaseFilterEffect.cpp">
      <Filter>DirectXGame\GameEngine\Graphics\OffscreenRendering\FilterEffect</Filter>
    </ClCompile>
    <ClCompile Include="..\DirectXGame\GameEngine\Graphics\OffscreenRendering\FilterEffect\GaussianEffect.cpp">
      <Filter>DirectXGame\GameEngine\Graphics\OffscreenRendering\FilterEffect</Filter>
    </ClCompile>
    <ClCompile Include="..\DirectXGame\GameEngine\Graphics\OffscreenRendering\FilterEffect\GrayscaleEffect.cpp">
      <Filter>DirectXGame\GameEngine\Graphics\OffscreenRendering\FilterEffect</Filter>
    </ClCompile>
    <ClCompile Include="..\DirectXGame\GameEngine\Graphics\OffscreenRendering\FilterEffect\MaskedGrayscaleEffect.cpp">
      <Filter>DirectXGame\GameEngine\Graphics\OffscreenRendering\FilterEffect</Filter>
    </ClCompile>
    <ClCompile Include="..\DirectXGame\GameEngine\Graphics\OffscreenRendering\FilterEffect\DistortionEffect.cpp">
      <Filter>DirectXGame\GameEngine\Graphics\OffscreenRendering\FilterEffect</Filter>
    </ClCompile>
    <ClCompile Include="..\DirectXGame\GameEngine\Graphics\OffscreenRendering\FilterEffect\ColorInvertEffect.cpp">
      <Filter>DirectXGame\GameEngine\Graphics\OffscreenRendering\FilterEffect</Filter>
    </ClCompile>
    <ClCompile Include="..\DirectXGame\GameEngine\Graphics\Effect\DisruptorShardRenderer.cpp">
      <Filter>DirectXGame\GameEngine\Graphics\Effect</Filter>
    </ClCompile>
    <ClCompile Include="..\DirectXGame\GameEngine\Graphics\OffscreenRendering\FilterEffect\PrecisionBlurEffect.cpp">
      <Filter>DirectXGame\GameEngine\Graphics\OffscreenRendering\FilterEffect</Filter>
    </ClCompile>
    <ClCompile Include="..\DirectXGame\GameEngine\CameraCapture.cpp">
      <Filter>DirectXGame\GameEngine</Filter>
    </ClCompile>
    <ClCompile Include="..\DirectXGame\GameEngine\CameraPreviewSprite.cpp">
      <Filter>DirectXGame\GameEngine</Filter>
    </ClCompile>
    <ClCompile Include="..\DirectXGame\Debug\Debug.cpp">
      <Filter>DirectXGame\Debug</Filter>
    </ClCompile>
    <ClCompile Include="..\DirectXGame\Debug\LogBuffer.cpp">
      <Filter>DirectXGame\Debug</Filter>
    </ClCompile>
    <ClCompile Include="..\DirectXGame\GameEngine\Core\Input\ControllerInput.cpp">
      <Filter>DirectXGame\GameEngine\Core\Input</Filter>
    </ClCompile>
    <ClCompile Include="..\DirectXGame\GameEngine\Core\Input\PhysicalBinding.cpp">
      <Filter>DirectXGame\GameEngine\Core\Input</Filter>
    </ClCompile>
    <ClCompile Include="..\DirectXGame\GameEngine\Core\Input\InputAction.cpp">
      <Filter>DirectXGame\GameEngine\Core\Input</Filter>
    </ClCompile>
    <ClCompile Include="..\DirectXGame\GameEngine\Graphics\Camera\Camera.cpp">
      <Filter>DirectXGame\GameEngine\Graphics\Camera</Filter>
    </ClCompile>
    <ClCompile Include="..\DirectXGame\GameEngine\Core\DirectXCore.cpp">
      <Filter>DirectXGame\GameEngine\Core</Filter>
    </ClCompile>
    <ClCompile Include="..\DirectXGame\GameEngine\Core\ReplaySystem.cpp">
      <Filter>DirectXGame\GameEngine\Core</Filter>
    </ClCompile>
    <ClCompile Include="..\DirectXGame\GameEngine\Core\AssetLocator.cpp">
      <Filter>DirectXGame\GameEngine\Core</Filter>
    </ClCompile>
    <ClCompile Include="..\DirectXGame\GameEngine\Core\DStorageManager.cpp">
      <Filter>DirectXGame\GameEngine\Core</Filter>
    </ClCompile>
    <ClCompile Include="..\DirectXGame\GameEngine\Core\ConvertStringClass.cpp">
      <Filter>DirectXGame\GameEngine\Core</Filter>
    </ClCompile>
    <ClCompile Include="..\DirectXGame\GameEngine\Graphics\Camera\DebugCamera.cpp">
      <Filter>DirectXGame\GameEngine\Graphics\Camera</Filter>
    </ClCompile>
    <ClCompile Include="..\DirectXGame\GameEngine\Graphics\Light\LightManager.cpp">
      <Filter>DirectXGame\GameEngine\Graphics\Light</Filter>
    </ClCompile>
    <ClCompile Include="..\DirectXGame\GameEngine\Graphics\Shadow\ShadowMap.cpp">
      <Filter>DirectXGame\GameEngine\Graphics\Shadow</Filter>
    </ClCompile>
    <ClCompile Include="..\DirectXGame\GameEngine\Graphics\OffscreenRendering\PostEffect.cpp">
      <Filter>DirectXGame\GameEngine\Graphics\OffscreenRendering</Filter>
    </ClCompile>
    <ClCompile Include="..\DirectXGame\GameEngine\Graphics\OffscreenRendering\RenderTexture.cpp">
      <Filter>DirectXGame\GameEngine\Graphics\OffscreenRendering</Filter>
    </ClCompile>
    <ClCompile Include="..\DirectXGame\GameEngine\Math\MathUtility.cpp">
      <Filter>DirectXGame\GameEngine\Math</Filter>
    </ClCompile>
    <ClCompile Include="..\DirectXGame\GameEngine\Math\Frustum.cpp">
      <Filter>DirectXGame\GameEngine\Math</Filter>
    </ClCompile>
    <ClCompile Include="..\DirectXGame\GameEngine\Scene\Scene.cpp">
      <Filter>DirectXGame\GameEngine\Scene</Filter>
    </ClCompile>
    <ClCompile Include="..\DirectXGame\ImGUIManager\IImGuiEditable.cpp">
      <Filter>DirectXGame\ImGUIManager</Filter>
    </ClCompile>
    <ClCompile Include="..\DirectXGame\ImGUIManager\HierarchyWindow.cpp">
      <Filter>DirectXGame\ImGUIManager</Filter>
    </ClCompile>
    <ClCompile Include="..\DirectXGame\ImGUIManager\InspectorWindow.cpp">
      <Filter>DirectXGame\ImGUIManager</Filter>
    </ClCompile>
    <ClCompile Include="..\DirectXGame\ImGUIManager\SceneEditorWindow.cpp">
      <Filter>DirectXGame\ImGUIManager</Filter>
    </ClCompile>
    <ClCompile Include="..\DirectXGame\GameEngine\Math\Easing.cpp">
      <Filter>DirectXGame\GameEngine\Math</Filter>
    </ClCompile>
    <ClCompile Include="..\externals\ImGui_Docking\imgui.cpp">
      <Filter>externals\ImGui_Docking</Filter>
    </ClCompile>
    <ClCompile Include="..\externals\ImGui_Docking\imgui_demo.cpp">
      <Filter>externals\ImGui_Docking</Filter>
    </ClCompile>
    <ClCompile Include="..\externals\ImGui_Docking\imgui_draw.cpp">
      <Filter>externals\ImGui_Docking</Filter>
    </ClCompile>
    <ClCompile Include="..\externals\ImGui_Docking\backends\imgui_impl_dx12.cpp">
      <Filter>externals\ImGui_Docking\backends</Filter>
    </ClCompile>
    <ClCompile Include="..\externals\ImGui_Docking\backends\imgui_impl_win32.cpp">
      <Filter>externals\ImGui_Docking\backends</Filter>
    </ClCompile>
    <ClCompile Include="..\externals\ImGui_Docking\imgui_tables.cpp">
      <Filter>externals\ImGui_Docking</Filter>
    </ClCompile>
    <ClCompile Include="..\externals\ImGui_Docking\imgui_widgets.cpp">
      <Filter>externals\ImGui_Docking</Filter>
    </ClCompile>
    <ClCompile Include="..\DirectXGame\GameEngine\Core\ResourceObject.cpp">
      <Filter>DirectXGame\GameEngine\Core</Filter>
    </ClCompile>
    <ClCompile Include="..\DirectXGame\GameEngine\Core\PathManager.cpp">
      <Filter>DirectXGame\GameEngine\Core</Filter>
    </ClCompile>
    <ClCompile Include="..\DirectXGame\GameEngine\Core\ResourceManager.cpp">
      <Filter>DirectXGame\GameEngine\Core</Filter>
    </ClCompile>
    <ClCompile Include="..\DirectXGame\GameEngine\Core\Input\KeyboardInput.cpp">
      <Filter>DirectXGame\GameEngine\Core\Input</Filter>
    </ClCompile>
    <ClCompile Include="..\DirectXGame\GameEngine\Core\WindowsApplication.cpp">
      <Filter>DirectXGame\GameEngine\Core</Filter>
    </ClCompile>
    <ClCompile Include="..\DirectXGame\GameEngine\Graphics\Sprite\SpriteInstance.cpp">
      <Filter>DirectXGame\GameEngine\Graphics\Sprite</Filter>
    </ClCompile>
    <ClCompile Include="..\DirectXGame\GameEngine\Graphics\Sprite\SpriteManager.cpp">
      <Filter>DirectXGame\GameEngine\Graphics\Sprite</Filter>
    </ClCompile>
    <ClCompile Include="..\DirectXGame\GameEngine\Graphics\Object3D\Object3DManager.cpp">
      <Filter>DirectXGame\GameEngine\Graphics\Object3D</Filter>
    </ClCompile>
    <ClCompile Include="..\DirectXGame\GameEngine\Graphics\Object3D\Object3DInstance.cpp">
      <Filter>DirectXGame\GameEngine\Graphics\Object3D</Filter>
    </ClCompile>
    <ClCompile Include="..\DirectXGame\GameEngine\Graphics\Object3D\ModelInstance.cpp">
      <Filter>DirectXGame\GameEngine\Graphics\Object3D</Filter>
    </ClCompile>
    <ClCompile Include="..\DirectXGame\GameEngine\Graphics\Object3D\ModelCore.cpp">
      <Filter>DirectXGame\GameEngine\Graphics\Object3D</Filter>
    </ClCompile>
    <ClCompile Include="..\DirectXGame\GameEngine\Graphics\Object3D\ModelManager.cpp">
      <Filter>DirectXGame\GameEngine\Graphics\Object3D</Filter>
    </ClCompile>
    <ClCompile Include="..\DirectXGame\GameEngine\Utility\EngineTime.cpp">
      <Filter>DirectXGame\GameEngine\Utility</Filter>
    </ClCompile>
    <ClCompile Include="..\DirectXGame\GameEngine\Utility\Log.cpp">
      <Filter>DirectXGame\GameEngine\Utility</Filter>
    </ClCompile>
    <ClCompile Include="..\DirectXGame\GameEngine\Utility\SessionLogger.cpp">
      <Filter>DirectXGame\GameEngine\Utility</Filter>
    </ClCompile>
    <ClCompile Include="..\DirectXGame\GameEngine\Utility\RandomGenerator.cpp">
      <Filter>DirectXGame\GameEngine\Utility</Filter>
    </ClCompile>
    <ClCompile Include="..\DirectXGame\GameEngine\Utility\CrashHandler.cpp">
      <Filter>DirectXGame\GameEngine\Utility</Filter>
    </ClCompile>
    <ClCompile Include="..\DirectXGame\GameEngine\Utility\Json\JsonValue.cpp">
      <Filter>DirectXGame\GameEngine\Utility\Json</Filter>
    </ClCompile>
    <ClCompile Include="..\DirectXGame\GameEngine\Utility\Json\JsonParser.cpp">
      <Filter>DirectXGame\GameEngine\Utility\Json</Filter>
    </ClCompile>
    <ClCompile Include="..\DirectXGame\GameEngine\Utility\Json\JsonWriter.cpp">
      <Filter>DirectXGame\GameEngine\Utility\Json</Filter>
    </ClCompile>
    <ClCompile Include="..\DirectXGame\GameEngine\Level\JsonLevelLoader.cpp">
      <Filter>DirectXGame\GameEngine\Level</Filter>
    </ClCompile>
    <ClCompile Include="..\DirectXGame\GameEngine\Graphics\TextureManager.cpp">
      <Filter>DirectXGame\GameEngine\Graphics</Filter>
    </ClCompile>
    <ClCompile Include="..\DirectXGame\GameEngine\Graphics\SRVManager.cpp">
      <Filter>DirectXGame\GameEngine\Graphics</Filter>
    </ClCompile>
    <ClCompile Include="..\DirectXGame\GameEngine\Graphics\Particle\ParticleManager.cpp">
      <Filter>DirectXGame\GameEngine\Graphics\Particle</Filter>
    </ClCompile>
    <ClCompile Include="..\DirectXGame\GameEngine\Graphics\Particle\GPUParticleManager.cpp">
      <Filter>DirectXGame\GameEngine\Graphics\Particle</Filter>
    </ClCompile>
    <ClCompile Include="..\DirectXGame\GameEngine\Graphics\Effect\EffectDef.cpp">
      <Filter>DirectXGame\GameEngine\Graphics\Effect</Filter>
    </ClCompile>
    <ClCompile Include="..\DirectXGame\GameEngine\Graphics\Effect\EffectPrimitiveRenderer.cpp">
      <Filter>DirectXGame\GameEngine\Graphics\Effect</Filter>
    </ClCompile>
    <ClCompile Include="..\DirectXGame\GameEngine\Graphics\Effect\LightningRuntime.cpp">
      <Filter>DirectXGame\GameEngine\Graphics\Effect</Filter>
    </ClCompile>
    <ClCompile Include="..\DirectXGame\GameEngine\Graphics\Effect\EffectInstance.cpp">
      <Filter>DirectXGame\GameEngine\Graphics\Effect</Filter>
    </ClCompile>
    <ClCompile Include="..\DirectXGame\GameEngine\Graphics\Effect\EffectManager.cpp">
      <Filter>DirectXGame\GameEngine\Graphics\Effect</Filter>
    </ClCompile>
    <ClCompile Include="..\DirectXGame\GameEngine\Graphics\Effect\EffectEditorWindow.cpp">
      <Filter>DirectXGame\GameEngine\Graphics\Effect</Filter>
    </ClCompile>
    <ClCompile Include="..\DirectXGame\GameEngine\Graphics\Effect\EffectComponentEditable.cpp">
      <Filter>DirectXGame\GameEngine\Graphics\Effect</Filter>
    </ClCompile>
    <ClCompile Include="..\DirectXGame\GameEngine\Graphics\Effect\CurveEditorWidget.cpp">
      <Filter>DirectXGame\GameEngine\Graphics\Effect</Filter>
    </ClCompile>
    <ClCompile Include="..\DirectXGame\ImGUIManager\EffectHierarchyWindow.cpp">
      <Filter>DirectXGame\ImGUIManager</Filter>
    </ClCompile>
    <ClCompile Include="..\DirectXGame\ImGUIManager\EffectPaletteWindow.cpp">
      <Filter>DirectXGame\ImGUIManager</Filter>
    </ClCompile>
    <ClCompile Include="..\DirectXGame\ImGUIManager\ImGuiManager.cpp">
      <Filter>DirectXGame\ImGUIManager</Filter>
    </ClCompile>
    <ClCompile Include="..\DirectXGame\ImGUIManager\ViewportWindow.cpp">
      <Filter>DirectXGame\ImGUIManager</Filter>
    </ClCompile>
    <ClCompile Include="..\DirectXGame\ImGUIManager\Gizmo.cpp">
      <Filter>DirectXGame\ImGUIManager</Filter>
    </ClCompile>
    <ClCompile Include="..\DirectXGame\ImGUIManager\SpriteGizmo.cpp">
      <Filter>DirectXGame\ImGUIManager</Filter>
    </ClCompile>
    <ClCompile Include="..\DirectXGame\GameEngine\Sound\SoundManager.cpp">
      <Filter>DirectXGame\GameEngine\Sound</Filter>
    </ClCompile>
    <ClCompile Include="..\DirectXGame\GameEngine\Core\Input\MouseInput.cpp">
      <Filter>DirectXGame\GameEngine\Core\Input</Filter>
    </ClCompile>
    <ClCompile Include="..\DirectXGame\GameEngine\Core\Input\InputManager.cpp">
      <Filter>DirectXGame\GameEngine\Core\Input</Filter>
    </ClCompile>
    <ClCompile Include="..\DirectXGame\GameEngine\Framework.cpp">
      <Filter>DirectXGame\GameEngine</Filter>
    </ClCompile>
    <ClCompile Include="..\DirectXGame\GameEngine\Profiling\Profiler.cpp">
      <Filter>DirectXGame\GameEngine\Profiling</Filter>
    </ClCompile>
    <ClCompile Include="..\DirectXGame\GameEngine\Profiling\GpuProfiler.cpp">
      <Filter>DirectXGame\GameEngine\Profiling</Filter>
    </ClCompile>
    <ClCompile Include="..\DirectXGame\GameEngine\Profiling\MemoryProbe.cpp">
      <Filter>DirectXGame\GameEngine\Profiling</Filter>
    </ClCompile>
    <ClCompile Include="..\externals\quirc\decode.c">
      <Filter>externals\quirc</Filter>
    </ClCompile>
    <ClCompile Include="..\externals\quirc\identify.c">
      <Filter>externals\quirc</Filter>
    </ClCompile>
    <ClCompile Include="..\externals\quirc\quirc.c">
      <Filter>externals\quirc</Filter>
    </ClCompile>
    <ClCompile Include="..\externals\quirc\version_db.c">
      <Filter>externals\quirc</Filter>
    </ClCompile>
    <ClCompile Include="..\DirectXGame\GameEngine\QRCodeReader.cpp">
      <Filter>DirectXGame\GameEngine</Filter>
    </ClCompile>
    <ClCompile Include="..\DirectXGame\GameEngine\Graphics\OffscreenRendering\FilterEffect\SepiaEffect.cpp">
      <Filter>DirectXGame\GameEngine\Graphics\OffscreenRendering\FilterEffect</Filter>
    </ClCompile>
    <ClCompile Include="..\DirectXGame\GameEngine\Graphics\OffscreenRendering\FilterEffect\VignetteEffect.cpp">
      <Filter>DirectXGame\GameEngine\Graphics\OffscreenRendering\FilterEffect</Filter>
    </ClCompile>
    <ClCompile Include="..\DirectXGame\GameEngine\Graphics\OffscreenRendering\FilterEffect\SmoothingEffect.cpp">
      <Filter>DirectXGame\GameEngine\Graphics\OffscreenRendering\FilterEffect</Filter>
    </ClCompile>
    <ClCompile Include="..\DirectXGame\GameEngine\Graphics\OffscreenRendering\FilterEffect\RadialBlurEffect.cpp">
      <Filter>DirectXGame\GameEngine\Graphics\OffscreenRendering\FilterEffect</Filter>
    </ClCompile>
    <ClCompile Include="..\DirectXGame\GameEngine\Graphics\OffscreenRendering\FilterEffect\DissolveEffect.cpp">
      <Filter>DirectXGame\GameEngine\Graphics\OffscreenRendering\FilterEffect</Filter>
    </ClCompile>
    <ClCompile Include="..\DirectXGame\GameEngine\Graphics\OffscreenRendering\FilterEffect\OutlineDepthEffect.cpp">
      <Filter>DirectXGame\GameEngine\Graphics\OffscreenRendering\FilterEffect</Filter>
    </ClCompile>
    <ClCompile Include="..\DirectXGame\GameEngine\Graphics\OffscreenRendering\FilterEffect\OutlineNormalEffect.cpp">
      <Filter>DirectXGame\GameEngine\Graphics\OffscreenRendering\FilterEffect</Filter>
    </ClCompile>
    <ClCompile Include="..\DirectXGame\GameEngine\Graphics\Skybox\SkyboxManager.cpp">
      <Filter>DirectXGame\GameEngine\Graphics\Skybox</Filter>
    </ClCompile>
    <ClCompile Include="..\DirectXGame\GameEngine\Graphics\Skybox\Skybox.cpp">
      <Filter>DirectXGame\GameEngine\Graphics\Skybox</Filter>
    </ClCompile>
    <ClCompile Include="..\DirectXGame\GameEngine\Graphics\Primitive\PrimitiveGenerator.cpp">
      <Filter>DirectXGame\GameEngine\Graphics\Primitive</Filter>
    </ClCompile>
    <ClCompile Include="..\DirectXGame\GameEngine\Graphics\Primitive\PrimitivePipeline.cpp">
      <Filter>DirectXGame\GameEngine\Graphics\Primitive</Filter>
    </ClCompile>
    <ClCompile Include="..\DirectXGame\GameEngine\Graphics\Primitive\PrimitiveMesh.cpp">
      <Filter>DirectXGame\GameEngine\Graphics\Primitive</Filter>
    </ClCompile>
    <ClCompile Include="..\DirectXGame\GameEngine\Graphics\Primitive\PrimitiveInstance.cpp">
      <Filter>DirectXGame\GameEngine\Graphics\Primitive</Filter>
    </ClCompile>
    <ClCompile Include="..\DirectXGame\GameEngine\Math\Quaternion.cpp">
      <Filter>DirectXGame\GameEngine\Math</Filter>
    </ClCompile>
    <ClCompile Include="..\DirectXGame\GameEngine\Graphics\Object3D\Skeleton.cpp">
      <Filter>DirectXGame\GameEngine\Graphics\Object3D</Filter>
    </ClCompile>
    <ClCompile Include="..\DirectXGame\GameEngine\Graphics\Object3D\SpringBone.cpp">
      <Filter>DirectXGame\GameEngine\Graphics\Object3D</Filter>
    </ClCompile>
    <ClCompile Include="..\DirectXGame\GameEngine\Math\Physics\VerletSolver.cpp">
      <Filter>DirectXGame\GameEngine\Math\Physics</Filter>
    </ClCompile>
    <ClCompile Include="..\DirectXGame\GameEngine\Math\Physics\CollisionGeometry.cpp">
      <Filter>DirectXGame\GameEngine\Math\Physics</Filter>
    </ClCompile>
    <ClCompile Include="..\DirectXGame\GameEngine\Math\Physics\CollisionSystem.cpp">
      <Filter>DirectXGame\GameEngine\Math\Physics</Filter>
    </ClCompile>
    <ClCompile Include="..\DirectXGame\GameEngine\Graphics\Primitive\LineRenderer.cpp">
      <Filter>DirectXGame\GameEngine\Graphics\Primitive</Filter>
    </ClCompile>
    <ClCompile Include="..\DirectXGame\GameEngine\Graphics\Primitive\DebugDraw.cpp">
      <Filter>DirectXGame\GameEngine\Graphics\Primitive</Filter>
    </ClCompile>
    <ClCompile Include="..\DirectXGame\GameEngine\Graphics\Object3D\SkinCluster.cpp">
      <Filter>DirectXGame\GameEngine\Graphics\Object3D</Filter>
    </ClCompile>
    <ClCompile Include="..\DirectXGame\GameEngine\Graphics\Object3D\SkinningComputeManager.cpp">
      <Filter>DirectXGame\GameEngine\Graphics\Object3D</Filter>
    </ClCompile>
    <ClCompile Include="..\DirectXGame\GameEngine\Graphics\Text\FontAtlas.cpp">
      <Filter>DirectXGame\GameEngine\Graphics\Text</Filter>
    </ClCompile>
    <ClCompile Include="..\DirectXGame\GameEngine\Graphics\Text\TextRenderer.cpp">
      <Filter>DirectXGame\GameEngine\Graphics\Text</Filter>
    </ClCompile>
    <ClCompile Include="..\DirectXGame\GameEngine\External\stb_truetype_impl.cpp">
      <Filter>DirectXGame\GameEngine\External</Filter>
    </ClCompile>
  </ItemGroup>
  <ItemGroup>
    <ClInclude Include="..\DirectXGame\GameEngine\Graphics\Object3D\AnimatedObject3DInstance.h">
      <Filter>DirectXGame\GameEngine\Graphics\Object3D</Filter>
    </ClInclude>
    <ClInclude Include="..\DirectXGame\GameEngine\Graphics\Object3D\BoneSocket.h">
      <Filter>DirectXGame\GameEngine\Graphics\Object3D</Filter>
    </ClInclude>
    <ClInclude Include="..\DirectXGame\GameEngine\Graphics\Object3D\AnimatedModelInstance.h">
      <Filter>DirectXGame\GameEngine\Graphics\Object3D</Filter>
    </ClInclude>
    <ClInclude Include="..\DirectXGame\GameEngine\Graphics\Object3D\Animation.h">
      <Filter>DirectXGame\GameEngine\Graphics\Object3D</Filter>
    </ClInclude>
    <ClInclude Include="..\DirectXGame\GameEngine\Graphics\OffscreenRendering\FilterEffect\BaseFilterEffect.h">
      <Filter>DirectXGame\GameEngine\Graphics\OffscreenRendering\FilterEffect</Filter>
    </ClInclude>
    <ClInclude Include="..\DirectXGame\GameEngine\Graphics\OffscreenRendering\FilterEffect\GaussianEffect.h">
      <Filter>DirectXGame\GameEngine\Graphics\OffscreenRendering\FilterEffect</Filter>
    </ClInclude>
    <ClInclude Include="..\DirectXGame\GameEngine\Graphics\OffscreenRendering\FilterEffect\GrayscaleEffect.h">
      <Filter>DirectXGame\GameEngine\Graphics\OffscreenRendering\FilterEffect</Filter>
    </ClInclude>
    <ClInclude Include="..\DirectXGame\GameEngine\Graphics\OffscreenRendering\FilterEffect\MaskedGrayscaleEffect.h">
      <Filter>DirectXGame\GameEngine\Graphics\OffscreenRendering\FilterEffect</Filter>
    </ClInclude>
    <ClInclude Include="..\DirectXGame\GameEngine\Graphics\OffscreenRendering\FilterEffect\DistortionEffect.h">
      <Filter>DirectXGame\GameEngine\Graphics\OffscreenRendering\FilterEffect</Filter>
    </ClInclude>
    <ClInclude Include="..\DirectXGame\GameEngine\Graphics\OffscreenRendering\FilterEffect\ColorInvertEffect.h">
      <Filter>DirectXGame\GameEngine\Graphics\OffscreenRendering\FilterEffect</Filter>
    </ClInclude>
    <ClInclude Include="..\DirectXGame\GameEngine\Graphics\Effect\DisruptorShardRenderer.h">
      <Filter>DirectXGame\GameEngine\Graphics\Effect</Filter>
    </ClInclude>
    <ClInclude Include="..\DirectXGame\GameEngine\Graphics\OffscreenRendering\FilterEffect\PrecisionBlurEffect.h">
      <Filter>DirectXGame\GameEngine\Graphics\OffscreenRendering\FilterEffect</Filter>
    </ClInclude>
    <ClInclude Include="..\DirectXGame\GameEngine\Graphics\Particle\BillboardMode.h">
      <Filter>DirectXGame\GameEngine\Graphics\Particle</Filter>
    </ClInclude>
    <ClInclude Include="..\DirectXGame\GameEngine\Graphics\Effect\EffectDef.h">
      <Filter>DirectXGame\GameEngine\Graphics\Effect</Filter>
    </ClInclude>
    <ClInclude Include="..\DirectXGame\GameEngine\Graphics\Effect\EffectPrimitiveRenderer.h">
      <Filter>DirectXGame\GameEngine\Graphics\Effect</Filter>
    </ClInclude>
    <ClInclude Include="..\DirectXGame\GameEngine\Graphics\Effect\LightningRuntime.h">
      <Filter>DirectXGame\GameEngine\Graphics\Effect</Filter>
    </ClInclude>
    <ClInclude Include="..\DirectXGame\GameEngine\Graphics\Effect\EffectInstance.h">
      <Filter>DirectXGame\GameEngine\Graphics\Effect</Filter>
    </ClInclude>
    <ClInclude Include="..\DirectXGame\GameEngine\Graphics\Effect\EffectManager.h">
      <Filter>DirectXGame\GameEngine\Graphics\Effect</Filter>
    </ClInclude>
    <ClInclude Include="..\DirectXGame\GameEngine\Graphics\Effect\EffectEditorWindow.h">
      <Filter>DirectXGame\GameEngine\Graphics\Effect</Filter>
    </ClInclude>
    <ClInclude Include="..\DirectXGame\GameEngine\Graphics\Effect\EffectComponentEditable.h">
      <Filter>DirectXGame\GameEngine\Graphics\Effect</Filter>
    </ClInclude>
    <ClInclude Include="..\DirectXGame\GameEngine\Graphics\Effect\CurveEditorWidget.h">
      <Filter>DirectXGame\GameEngine\Graphics\Effect</Filter>
    </ClInclude>
    <ClInclude Include="..\DirectXGame\ImGUIManager\EffectHierarchyWindow.h">
      <Filter>DirectXGame\ImGUIManager</Filter>
    </ClInclude>
    <ClInclude Include="..\DirectXGame\ImGUIManager\EffectPaletteWindow.h">
      <Filter>DirectXGame\ImGUIManager</Filter>
    </ClInclude>
    <ClInclude Include="..\DirectXGame\GameEngine\Graphics\Primitive\MeshData.h">
      <Filter>DirectXGame\GameEngine\Graphics\Primitive</Filter>
    </ClInclude>
    <ClInclude Include="..\DirectXGame\GameEngine\Graphics\Primitive\PrimitiveMaterial.h">
      <Filter>DirectXGame\GameEngine\Graphics\Primitive</Filter>
    </ClInclude>
    <ClInclude Include="..\DirectXGame\GameEngine\Graphics\Skybox\SkyboxTransformationMatrix.h">
      <Filter>DirectXGame\GameEngine\Graphics\Skybox</Filter>
    </ClInclude>
    <ClInclude Include="..\DirectXGame\GameEngine\Graphics\Skybox\SkyboxVertexData.h">
      <Filter>DirectXGame\GameEngine\Graphics\Skybox</Filter>
    </ClInclude>
    <ClInclude Include="..\DirectXGame\GameEngine\Graphics\Skybox\SkyboxMaterial.h">
      <Filter>DirectXGame\GameEngine\Graphics\Skybox</Filter>
    </ClInclude>
    <ClInclude Include="..\DirectXGame\GameEngine\Math\Interpolator.h">
      <Filter>DirectXGame\GameEngine\Math</Filter>
    </ClInclude>
    <ClInclude Include="..\DirectXGame\GameEngine\Math\Frustum.h">
      <Filter>DirectXGame\GameEngine\Math</Filter>
    </ClInclude>
    <ClInclude Include="..\DirectXGame\GameEngine\Math\QuaternionTransform.h">
      <Filter>DirectXGame\GameEngine\Math</Filter>
    </ClInclude>
    <ClInclude Include="..\DirectXGame\GameEngine\CameraCapture.h">
      <Filter>DirectXGame\GameEngine</Filter>
    </ClInclude>
    <ClInclude Include="..\DirectXGame\GameEngine\CameraPreviewSprite.h">
      <Filter>DirectXGame\GameEngine</Filter>
    </ClInclude>
    <ClInclude Include="..\DirectXGame\Debug\Debug.h">
      <Filter>DirectXGame\Debug</Filter>
    </ClInclude>
    <ClInclude Include="..\DirectXGame\Debug\LogBuffer.h">
      <Filter>DirectXGame\Debug</Filter>
    </ClInclude>
    <ClInclude Include="..\DirectXGame\GameEngine\Core\Input\ControllerInput.h">
      <Filter>DirectXGame\GameEngine\Core\Input</Filter>
    </ClInclude>
    <ClInclude Include="..\DirectXGame\GameEngine\Core\Input\PhysicalBinding.h">
      <Filter>DirectXGame\GameEngine\Core\Input</Filter>
    </ClInclude>
    <ClInclude Include="..\DirectXGame\GameEngine\Core\Input\InputAction.h">
      <Filter>DirectXGame\GameEngine\Core\Input</Filter>
    </ClInclude>
    <ClInclude Include="..\DirectXGame\GameEngine\Graphics\Camera\Camera.h">
      <Filter>DirectXGame\GameEngine\Graphics\Camera</Filter>
    </ClInclude>
    <ClInclude Include="..\DirectXGame\GameEngine\Core\DirectXCore.h">
      <Filter>DirectXGame\GameEngine\Core</Filter>
    </ClInclude>
    <ClInclude Include="..\DirectXGame\GameEngine\Core\ReplaySystem.h">
      <Filter>DirectXGame\GameEngine\Core</Filter>
    </ClInclude>
    <ClInclude Include="..\DirectXGame\GameEngine\Core\AssetLocator.h">
      <Filter>DirectXGame\GameEngine\Core</Filter>
    </ClInclude>
    <ClInclude Include="..\DirectXGame\GameEngine\Core\DStorageManager.h">
      <Filter>DirectXGame\GameEngine\Core</Filter>
    </ClInclude>
    <ClInclude Include="..\DirectXGame\GameEngine\Core\TimeGroup.h">
      <Filter>DirectXGame\GameEngine\Core</Filter>
    </ClInclude>
    <ClInclude Include="..\DirectXGame\GameEngine\Core\ConvertStringClass.h">
      <Filter>DirectXGame\GameEngine\Core</Filter>
    </ClInclude>
    <ClInclude Include="..\DirectXGame\GameEngine\Graphics\Camera\CameraForGPU.h">
      <Filter>DirectXGame\GameEngine\Graphics\Camera</Filter>
    </ClInclude>
    <ClInclude Include="..\DirectXGame\GameEngine\Graphics\Camera\DebugCamera.h">
      <Filter>DirectXGame\GameEngine\Graphics\Camera</Filter>
    </ClInclude>
    <ClInclude Include="..\DirectXGame\GameEngine\Graphics\Light\DirectionalLight.h">
      <Filter>DirectXGame\GameEngine\Graphics\Light</Filter>
    </ClInclude>
    <ClInclude Include="..\DirectXGame\GameEngine\Graphics\Light\LightManager.h">
      <Filter>DirectXGame\GameEngine\Graphics\Light</Filter>
    </ClInclude>
    <ClInclude Include="..\DirectXGame\GameEngine\Graphics\Shadow\ShadowMap.h">
      <Filter>DirectXGame\GameEngine\Graphics\Shadow</Filter>
    </ClInclude>
    <ClInclude Include="..\DirectXGame\GameEngine\Graphics\Light\PointLight.h">
      <Filter>DirectXGame\GameEngine\Graphics\Light</Filter>
    </ClInclude>
    <ClInclude Include="..\DirectXGame\GameEngine\Graphics\Light\SpotLight.h">
      <Filter>DirectXGame\GameEngine\Graphics\Light</Filter>
    </ClInclude>
    <ClInclude Include="..\DirectXGame\GameEngine\Graphics\OffscreenRendering\PostEffect.h">
      <Filter>DirectXGame\GameEngine\Graphics\OffscreenRendering</Filter>
    </ClInclude>
    <ClInclude Include="..\DirectXGame\GameEngine\Graphics\OffscreenRendering\RenderTexture.h">
      <Filter>DirectXGame\GameEngine\Graphics\OffscreenRendering</Filter>
    </ClInclude>
    <ClInclude Include="..\DirectXGame\GameEngine\Graphics\Sprite\SpriteMaterialData.h">
      <Filter>DirectXGame\GameEngine\Graphics\Sprite</Filter>
    </ClInclude>
    <ClInclude Include="..\DirectXGame\GameEngine\Graphics\Sprite\SpriteVertexData.h">
      <Filter>DirectXGame\GameEngine\Graphics\Sprite</Filter>
    </ClInclude>
    <ClInclude Include="..\DirectXGame\GameEngine\Math\MathUtility.h">
      <Filter>DirectXGame\GameEngine\Math</Filter>
    </ClInclude>
    <ClInclude Include="..\DirectXGame\GameEngine\Math\Vector2.h">
      <Filter>DirectXGame\GameEngine\Math</Filter>
    </ClInclude>
    <ClInclude Include="..\DirectXGame\GameEngine\Math\Vector2Int.h">
      <Filter>DirectXGame\GameEngine\Math</Filter>
    </ClInclude>
    <ClInclude Include="..\DirectXGame\GameEngine\Scene\AbstractSceneFactory.h">
      <Filter>DirectXGame\GameEngine\Scene</Filter>
    </ClInclude>
    <ClInclude Include="..\DirectXGame\GameEngine\Scene\ISceneRunner.h">
      <Filter>DirectXGame\GameEngine\Scene</Filter>
    </ClInclude>
    <ClInclude Include="..\DirectXGame\GameEngine\Scene\Scene.h">
      <Filter>DirectXGame\GameEngine\Scene</Filter>
    </ClInclude>
    <ClInclude Include="..\DirectXGame\ImGUIManager\IImGuiEditable.h">
      <Filter>DirectXGame\ImGUIManager</Filter>
    </ClInclude>
    <ClInclude Include="..\DirectXGame\ImGUIManager\HierarchyWindow.h">
      <Filter>DirectXGame\ImGUIManager</Filter>
    </ClInclude>
    <ClInclude Include="..\DirectXGame\ImGUIManager\InspectorWindow.h">
      <Filter>DirectXGame\ImGUIManager</Filter>
    </ClInclude>
    <ClInclude Include="..\DirectXGame\ImGUIManager\SceneEditorWindow.h">
      <Filter>DirectXGame\ImGUIManager</Filter>
    </ClInclude>
    <ClInclude Include="..\DirectXGame\ImGUIManager\IEditorSelection.h">
      <Filter>DirectXGame\ImGUIManager</Filter>
    </ClInclude>
    <ClInclude Include="..\DirectXGame\ImGUIManager\ImGuiManager.h">
      <Filter>DirectXGame\ImGUIManager</Filter>
    </ClInclude>
    <ClInclude Include="..\DirectXGame\ImGUIManager\ViewportWindow.h">
      <Filter>DirectXGame\ImGUIManager</Filter>
    </ClInclude>
    <ClInclude Include="..\DirectXGame\ImGUIManager\Gizmo.h">
      <Filter>DirectXGame\ImGUIManager</Filter>
    </ClInclude>
    <ClInclude Include="..\DirectXGame\ImGUIManager\SpriteGizmo.h">
      <Filter>DirectXGame\ImGUIManager</Filter>
    </ClInclude>
    <ClInclude Include="..\DirectXGame\ImGUIManager\IImGuiWindow.h">
      <Filter>DirectXGame\ImGUIManager</Filter>
    </ClInclude>
    <ClInclude Include="..\DirectXGame\ImGUIManager\FPSWindow.h">
      <Filter>DirectXGame\ImGUIManager</Filter>
    </ClInclude>
    <ClInclude Include="..\DirectXGame\ImGUIManager\LogWindow.h">
      <Filter>DirectXGame\ImGUIManager</Filter>
    </ClInclude>
    <ClInclude Include="..\DirectXGame\ImGUIManager\PepperWindow.h">
      <Filter>DirectXGame\ImGUIManager</Filter>
    </ClInclude>
    <ClInclude Include="..\DirectXGame\GameEngine\Math\Easing.h">
      <Filter>DirectXGame\GameEngine\Math</Filter>
    </ClInclude>
    <ClInclude Include="..\DirectXGame\GameEngine\Graphics\Particle\EmitParam.h">
      <Filter>DirectXGame\GameEngine\Graphics\Particle</Filter>
    </ClInclude>
    <ClInclude Include="..\externals\ImGUI\imconfig.h">
      <Filter>externals\ImGUI</Filter>
    </ClInclude>
    <ClInclude Include="..\externals\ImGUI\imgui.h">
      <Filter>externals\ImGUI</Filter>
    </ClInclude>
    <ClInclude Include="..\externals\ImGUI\imgui_impl_dx12.h">
      <Filter>externals\ImGUI</Filter>
    </ClInclude>
    <ClInclude Include="..\externals\ImGUI\imgui_impl_win32.h">
      <Filter>externals\ImGUI</Filter>
    </ClInclude>
    <ClInclude Include="..\externals\ImGUI\imgui_internal.h">
      <Filter>externals\ImGUI</Filter>
    </ClInclude>
    <ClInclude Include="..\externals\ImGUI\imstb_rectpack.h">
      <Filter>externals\ImGUI</Filter>
    </ClInclude>
    <ClInclude Include="..\externals\ImGUI\imstb_textedit.h">
      <Filter>externals\ImGUI</Filter>
    </ClInclude>
    <ClInclude Include="..\externals\ImGUI\imstb_truetype.h">
      <Filter>externals\ImGUI</Filter>
    </ClInclude>
    <ClInclude Include="..\DirectXGame\GameEngine\Graphics\Material.h">
      <Filter>DirectXGame\GameEngine\Graphics</Filter>
    </ClInclude>
    <ClInclude Include="..\DirectXGame\GameEngine\Math\Matrix3x3.h">
      <Filter>DirectXGame\GameEngine\Math</Filter>
    </ClInclude>
    <ClInclude Include="..\DirectXGame\GameEngine\Math\Matrix4x4.h">
      <Filter>DirectXGame\GameEngine\Math</Filter>
    </ClInclude>
    <ClInclude Include="..\DirectXGame\GameEngine\Core\ResourceObject.h">
      <Filter>DirectXGame\GameEngine\Core</Filter>
    </ClInclude>
    <ClInclude Include="..\DirectXGame\GameEngine\Math\Transform.h">
      <Filter>DirectXGame\GameEngine\Math</Filter>
    </ClInclude>
    <ClInclude Include="..\DirectXGame\GameEngine\Math\TransformationMatrix.h">
      <Filter>DirectXGame\GameEngine\Math</Filter>
    </ClInclude>
    <ClInclude Include="..\DirectXGame\GameEngine\Math\Vector3.h">
      <Filter>DirectXGame\GameEngine\Math</Filter>
    </ClInclude>
    <ClInclude Include="..\DirectXGame\GameEngine\Math\Vector4.h">
      <Filter>DirectXGame\GameEngine\Math</Filter>
    </ClInclude>
    <ClInclude Include="..\DirectXGame\GameEngine\Graphics\VertexData.h">
      <Filter>DirectXGame\GameEngine\Graphics</Filter>
    </ClInclude>
    <ClInclude Include="..\DirectXGame\GameEngine\Core\PathManager.h">
      <Filter>DirectXGame\GameEngine\Core</Filter>
    </ClInclude>
    <ClInclude Include="..\DirectXGame\GameEngine\Core\ResourceManager.h">
      <Filter>DirectXGame\GameEngine\Core</Filter>
    </ClInclude>
    <ClInclude Include="..\DirectXGame\GameEngine\Core\Input\KeyboardInput.h">
      <Filter>DirectXGame\GameEngine\Core\Input</Filter>
    </ClInclude>
    <ClInclude Include="..\DirectXGame\GameEngine\Core\WindowsApplication.h">
      <Filter>DirectXGame\GameEngine\Core</Filter>
    </ClInclude>
    <ClInclude Include="..\DirectXGame\GameEngine\Graphics\Sprite\SpriteInstance.h">
      <Filter>DirectXGame\GameEngine\Graphics\Sprite</Filter>
    </ClInclude>
    <ClInclude Include="..\DirectXGame\GameEngine\Graphics\Sprite\SpriteManager.h">
      <Filter>DirectXGame\GameEngine\Graphics\Sprite</Filter>
    </ClInclude>
    <ClInclude Include="..\DirectXGame\GameEngine\Graphics\Object3D\Object3DManager.h">
      <Filter>DirectXGame\GameEngine\Graphics\Object3D</Filter>
    </ClInclude>
    <ClInclude Include="..\DirectXGame\GameEngine\Graphics\Object3D\Object3DInstance.h">
      <Filter>DirectXGame\GameEngine\Graphics\Object3D</Filter>
    </ClInclude>
    <ClInclude Include="..\DirectXGame\GameEngine\Graphics\Object3D\ModelInstance.h">
      <Filter>DirectXGame\GameEngine\Graphics\Object3D</Filter>
    </ClInclude>
    <ClInclude Include="..\DirectXGame\GameEngine\Graphics\Object3D\ModelCore.h">
      <Filter>DirectXGame\GameEngine\Graphics\Object3D</Filter>
    </ClInclude>
    <ClInclude Include="..\DirectXGame\GameEngine\Graphics\Object3D\ModelManager.h">
      <Filter>DirectXGame\GameEngine\Graphics\Object3D</Filter>
    </ClInclude>
    <ClInclude Include="..\DirectXGame\GameEngine\Utility\ConvertString.h">
      <Filter>DirectXGame\GameEngine\Utility</Filter>
    </ClInclude>
    <ClInclude Include="..\DirectXGame\GameEngine\Utility\EditorDropPayload.h">
      <Filter>DirectXGame\GameEngine\Utility</Filter>
    </ClInclude>
    <ClInclude Include="..\DirectXGame\GameEngine\Utility\EngineTime.h">
      <Filter>DirectXGame\GameEngine\Utility</Filter>
    </ClInclude>
    <ClInclude Include="..\DirectXGame\GameEngine\Utility\ITimeScaleProvider.h">
      <Filter>DirectXGame\GameEngine\Utility</Filter>
    </ClInclude>
    <ClInclude Include="..\DirectXGame\GameEngine\Utility\Log.h">
      <Filter>DirectXGame\GameEngine\Utility</Filter>
    </ClInclude>
    <ClInclude Include="..\DirectXGame\GameEngine\Utility\SessionLogger.h">
      <Filter>DirectXGame\GameEngine\Utility</Filter>
    </ClInclude>
    <ClInclude Include="..\DirectXGame\GameEngine\Utility\RandomGenerator.h">
      <Filter>DirectXGame\GameEngine\Utility</Filter>
    </ClInclude>
    <ClInclude Include="..\DirectXGame\GameEngine\Utility\CrashHandler.h">
      <Filter>DirectXGame\GameEngine\Utility</Filter>
    </ClInclude>
    <ClInclude Include="..\DirectXGame\GameEngine\Utility\Json\JsonValue.h">
      <Filter>DirectXGame\GameEngine\Utility\Json</Filter>
    </ClInclude>
    <ClInclude Include="..\DirectXGame\GameEngine\Utility\Json\JsonParser.h">
      <Filter>DirectXGame\GameEngine\Utility\Json</Filter>
    </ClInclude>
    <ClInclude Include="..\DirectXGame\GameEngine\Utility\Json\JsonWriter.h">
      <Filter>DirectXGame\GameEngine\Utility\Json</Filter>
    </ClInclude>
    <ClInclude Include="..\DirectXGame\GameEngine\Level\LevelData.h">
      <Filter>DirectXGame\GameEngine\Level</Filter>
    </ClInclude>
    <ClInclude Include="..\DirectXGame\GameEngine\Level\JsonLevelLoader.h">
      <Filter>DirectXGame\GameEngine\Level</Filter>
    </ClInclude>
    <ClInclude Include="..\DirectXGame\GameEngine\Graphics\TextureManager.h">
      <Filter>DirectXGame\GameEngine\Graphics</Filter>
    </ClInclude>
    <ClInclude Include="..\DirectXGame\GameEngine\Graphics\DDSHeader.h">
      <Filter>DirectXGame\GameEngine\Graphics</Filter>
    </ClInclude>
    <ClInclude Include="..\DirectXGame\GameEngine\Graphics\SRVManager.h">
      <Filter>DirectXGame\GameEngine\Graphics</Filter>
    </ClInclude>
    <ClInclude Include="..\DirectXGame\GameEngine\Graphics\Particle\ParticleManager.h">
      <Filter>DirectXGame\GameEngine\Graphics\Particle</Filter>
    </ClInclude>
    <ClInclude Include="..\DirectXGame\GameEngine\Graphics\Particle\GPUParticleManager.h">
      <Filter>DirectXGame\GameEngine\Graphics\Particle</Filter>
    </ClInclude>
    <ClInclude Include="..\DirectXGame\GameEngine\Sound\SoundManager.h">
      <Filter>DirectXGame\GameEngine\Sound</Filter>
    </ClInclude>
    <ClInclude Include="..\DirectXGame\GameEngine\Core\Input\MouseInput.h">
      <Filter>DirectXGame\GameEngine\Core\Input</Filter>
    </ClInclude>
    <ClInclude Include="..\DirectXGame\GameEngine\Core\Input\InputManager.h">
      <Filter>DirectXGame\GameEngine\Core\Input</Filter>
    </ClInclude>
    <ClInclude Include="..\DirectXGame\GameEngine\Framework.h">
      <Filter>DirectXGame\GameEngine</Filter>
    </ClInclude>
    <ClInclude Include="..\DirectXGame\GameEngine\Profiling\Profiler.h">
      <Filter>DirectXGame\GameEngine\Profiling</Filter>
    </ClInclude>
    <ClInclude Include="..\DirectXGame\GameEngine\Profiling\PepperMacros.h">
      <Filter>DirectXGame\GameEngine\Profiling</Filter>
    </ClInclude>
    <ClInclude Include="..\DirectXGame\GameEngine\Profiling\GpuProfiler.h">
      <Filter>DirectXGame\GameEngine\Profiling</Filter>
    </ClInclude>
    <ClInclude Include="..\DirectXGame\GameEngine\Profiling\MemoryProbe.h">
      <Filter>DirectXGame\GameEngine\Profiling</Filter>
    </ClInclude>
    <ClInclude Include="..\externals\quirc\quirc.h">
      <Filter>externals\quirc</Filter>
    </ClInclude>
    <ClInclude Include="..\externals\quirc\quirc_internal.h">
      <Filter>externals\quirc</Filter>
    </ClInclude>
    <ClInclude Include="..\DirectXGame\GameEngine\QRCodeReader.h">
      <Filter>DirectXGame\GameEngine</Filter>
    </ClInclude>
    <ClInclude Include="..\DirectXGame\GameEngine\Graphics\OffscreenRendering\FilterEffect\SepiaEffect.h">
      <Filter>DirectXGame\GameEngine\Graphics\OffscreenRendering\FilterEffect</Filter>
    </ClInclude>
    <ClInclude Include="..\DirectXGame\GameEngine\Graphics\OffscreenRendering\FilterEffect\VignetteEffect.h">
      <Filter>DirectXGame\GameEngine\Graphics\OffscreenRendering\FilterEffect</Filter>
    </ClInclude>
    <ClInclude Include="..\DirectXGame\GameEngine\Graphics\OffscreenRendering\FilterEffect\SmoothingEffect.h">
      <Filter>DirectXGame\GameEngine\Graphics\OffscreenRendering\FilterEffect</Filter>
    </ClInclude>
    <ClInclude Include="..\DirectXGame\GameEngine\Graphics\OffscreenRendering\FilterEffect\RadialBlurEffect.h">
      <Filter>DirectXGame\GameEngine\Graphics\OffscreenRendering\FilterEffect</Filter>
    </ClInclude>
    <ClInclude Include="..\DirectXGame\GameEngine\Graphics\OffscreenRendering\FilterEffect\DissolveEffect.h">
      <Filter>DirectXGame\GameEngine\Graphics\OffscreenRendering\FilterEffect</Filter>
    </ClInclude>
    <ClInclude Include="..\DirectXGame\GameEngine\Graphics\OffscreenRendering\FilterEffect\OutlineDepthEffect.h">
      <Filter>DirectXGame\GameEngine\Graphics\OffscreenRendering\FilterEffect</Filter>
    </ClInclude>
    <ClInclude Include="..\DirectXGame\GameEngine\Graphics\OffscreenRendering\FilterEffect\OutlineNormalEffect.h">
      <Filter>DirectXGame\GameEngine\Graphics\OffscreenRendering\FilterEffect</Filter>
    </ClInclude>
    <ClInclude Include="..\DirectXGame\GameEngine\Graphics\Skybox\SkyboxManager.h">
      <Filter>DirectXGame\GameEngine\Graphics\Skybox</Filter>
    </ClInclude>
    <ClInclude Include="..\DirectXGame\GameEngine\Graphics\Skybox\Skybox.h">
      <Filter>DirectXGame\GameEngine\Graphics\Skybox</Filter>
    </ClInclude>
    <ClInclude Include="..\DirectXGame\GameEngine\Graphics\Primitive\PrimitiveGenerator.h">
      <Filter>DirectXGame\GameEngine\Graphics\Primitive</Filter>
    </ClInclude>
    <ClInclude Include="..\DirectXGame\GameEngine\Graphics\Primitive\PrimitivePipeline.h">
      <Filter>DirectXGame\GameEngine\Graphics\Primitive</Filter>
    </ClInclude>
    <ClInclude Include="..\DirectXGame\GameEngine\Graphics\Primitive\PrimitiveMesh.h">
      <Filter>DirectXGame\GameEngine\Graphics\Primitive</Filter>
    </ClInclude>
    <ClInclude Include="..\DirectXGame\GameEngine\Graphics\Primitive\PrimitiveInstance.h">
      <Filter>DirectXGame\GameEngine\Graphics\Primitive</Filter>
    </ClInclude>
    <ClInclude Include="..\DirectXGame\GameEngine\Graphics\Primitive\PrimitivePrefabParams.h">
      <Filter>DirectXGame\GameEngine\Graphics\Primitive</Filter>
    </ClInclude>
    <ClInclude Include="..\DirectXGame\GameEngine\Math\Quaternion.h">
      <Filter>DirectXGame\GameEngine\Math</Filter>
    </ClInclude>
    <ClInclude Include="..\DirectXGame\GameEngine\Graphics\Object3D\Skeleton.h">
      <Filter>DirectXGame\GameEngine\Graphics\Object3D</Filter>
    </ClInclude>
    <ClInclude Include="..\DirectXGame\GameEngine\Graphics\Object3D\SpringBone.h">
      <Filter>DirectXGame\GameEngine\Graphics\Object3D</Filter>
    </ClInclude>
    <ClInclude Include="..\DirectXGame\GameEngine\Math\Physics\VerletSolver.h">
      <Filter>DirectXGame\GameEngine\Math\Physics</Filter>
    </ClInclude>
    <ClInclude Include="..\DirectXGame\GameEngine\Math\Physics\Collider.h">
      <Filter>DirectXGame\GameEngine\Math\Physics</Filter>
    </ClInclude>
    <ClInclude Include="..\DirectXGame\GameEngine\Math\Physics\CollisionGeometry.h">
      <Filter>DirectXGame\GameEngine\Math\Physics</Filter>
    </ClInclude>
    <ClInclude Include="..\DirectXGame\GameEngine\Math\Physics\CollisionSystem.h">
      <Filter>DirectXGame\GameEngine\Math\Physics</Filter>
    </ClInclude>
    <ClInclude Include="..\DirectXGame\GameEngine\Graphics\Primitive\LineRenderer.h">
      <Filter>DirectXGame\GameEngine\Graphics\Primitive</Filter>
    </ClInclude>
    <ClInclude Include="..\DirectXGame\GameEngine\Graphics\Primitive\DebugDraw.h">
      <Filter>DirectXGame\GameEngine\Graphics\Primitive</Filter>
    </ClInclude>
    <ClInclude Include="..\DirectXGame\GameEngine\Graphics\Object3D\SkinCluster.h">
      <Filter>DirectXGame\GameEngine\Graphics\Object3D</Filter>
    </ClInclude>
    <ClInclude Include="..\DirectXGame\GameEngine\Graphics\Object3D\SkinningComputeManager.h">
      <Filter>DirectXGame\GameEngine\Graphics\Object3D</Filter>
    </ClInclude>
    <ClInclude Include="..\DirectXGame\GameEngine\Graphics\Text\FontAtlas.h">
      <Filter>DirectXGame\GameEngine\Graphics\Text</Filter>
    </ClInclude>
    <ClInclude Include="..\DirectXGame\GameEngine\Graphics\Text\TextRenderer.h">
      <Filter>DirectXGame\GameEngine\Graphics\Text</Filter>
    </ClInclude>
    <ClInclude Include="..\DirectXGame\GameEngine\Utility\Utf8.h">
      <Filter>DirectXGame\GameEngine\Utility</Filter>
    </ClInclude>
  </ItemGroup>
</Project>
