<?xml version="1.0" encoding="utf-8"?>
<Project ToolsVersion="4.0" xmlns="http://schemas.microsoft.com/developer/msbuild/2003">
  <ItemGroup>
    <Filter Include="ソース ファイル">
      <UniqueIdentifier>{4FC737F1-C7A5-4376-A066-2A32D752A2FF}</UniqueIdentifier>
      <Extensions>cpp;c;cc;cxx;c++;cppm;ixx;def;odl;idl;hpj;bat;asm;asmx</Extensions>
    </Filter>
    <Filter Include="ヘッダー ファイル">
      <UniqueIdentifier>{93995380-89BD-4b04-88EB-625FBE52EBFB}</UniqueIdentifier>
      <Extensions>h;hh;hpp;hxx;h++;hm;inl;inc;ipp;xsd</Extensions>
    </Filter>
    <Filter Include="リソース ファイル">
      <UniqueIdentifier>{67DA6AB6-F800-4c08-8B7A-83BB121AAD01}</UniqueIdentifier>
      <Extensions>rc;ico;cur;bmp;dlg;rc2;rct;bin;rgs;gif;jpg;jpeg;jpe;resx;tiff;tif;png;wav;mfcribbon-ms</Extensions>
    </Filter>
    <Filter Include="InGUI">
      <UniqueIdentifier>{e289b9c0-c80e-4bee-8075-cbc447f31306}</UniqueIdentifier>
    </Filter>
  </ItemGroup>
  <ItemGroup>
    <ClCompile Include="DirectXGame\main.cpp">
      <Filter>ソース ファイル</Filter>
    </ClCompile>
    <ClCompile Include="DirectXGame\Game\Score\ScoreManager.cpp">
      <Filter>ソース ファイル</Filter>
    </ClCompile>
    <ClCompile Include="DirectXGame\Game\Score\BossRetryState.cpp">
      <Filter>ソース ファイル</Filter>
    </ClCompile>
    <ClCompile Include="DirectXGame\Game\Config\KeyConfig.cpp">
      <Filter>ソース ファイル</Filter>
    </ClCompile>
    <ClCompile Include="DirectXGame\Game\Components\CollisionManager.cpp">
      <Filter>ソース ファイル</Filter>
    </ClCompile>
    <ClCompile Include="DirectXGame\Game\Components\Gameplay.cpp">
      <Filter>ソース ファイル</Filter>
    </ClCompile>
    <ClCompile Include="DirectXGame\Game\Components\PrefabManager.cpp">
      <Filter>ソース ファイル</Filter>
    </ClCompile>
    <ClCompile Include="DirectXGame\ImGUIManager\HierarchyWindow.cpp">
      <Filter>ソース ファイル</Filter>
    </ClCompile>
    <ClCompile Include="DirectXGame\ImGUIManager\InspectorWindow.cpp">
      <Filter>ソース ファイル</Filter>
    </ClCompile>
    <ClCompile Include="DirectXGame\ImGUIManager\SceneEditorWindow.cpp">
      <Filter>ソース ファイル</Filter>
    </ClCompile>
    <ClCompile Include="DirectXGame\Game\Game.cpp">
      <Filter>ソース ファイル</Filter>
    </ClCompile>
    <ClCompile Include="DirectXGame\Game\Scene\GameScene.cpp">
      <Filter>ソース ファイル</Filter>
    </ClCompile>
    <ClCompile Include="DirectXGame\Game\Scene\HubScene.cpp">
      <Filter>ソース ファイル</Filter>
    </ClCompile>
    <ClCompile Include="DirectXGame\Game\Scene\StageSelectScene.cpp">
      <Filter>ソース ファイル</Filter>
    </ClCompile>
    <ClCompile Include="DirectXGame\Game\Scene\StagePlayScene.cpp">
      <Filter>ソース ファイル</Filter>
    </ClCompile>
    <ClCompile Include="DirectXGame\Game\Scene\RailStagePart.cpp">
      <Filter>ソース ファイル</Filter>
    </ClCompile>
    <ClCompile Include="DirectXGame\Game\Scene\StageEnvironment.cpp">
      <Filter>ソース ファイル</Filter>
    </ClCompile>
    <ClCompile Include="DirectXGame\Game\Scene\SceneSerializer.cpp">
      <Filter>ソース ファイル</Filter>
    </ClCompile>
    <ClCompile Include="DirectXGame\Game\Scene\BossStagePart.cpp">
      <Filter>ソース ファイル</Filter>
    </ClCompile>
    <ClCompile Include="DirectXGame\Game\Scene\ResultScene.cpp">
      <Filter>ソース ファイル</Filter>
    </ClCompile>
    <ClCompile Include="DirectXGame\Game\Scene\GameOverScene.cpp">
      <Filter>ソース ファイル</Filter>
    </ClCompile>
    <ClCompile Include="DirectXGame\Game\Scene\SceneManager.cpp">
      <Filter>ソース ファイル</Filter>
    </ClCompile>
    <ClCompile Include="DirectXGame\Game\Scene\TitleScene.cpp">
      <Filter>ソース ファイル</Filter>
    </ClCompile>
    <ClCompile Include="DirectXGame\Game\Scene\SceneFactory.cpp">
      <Filter>ソース ファイル</Filter>
    </ClCompile>
    <ClCompile Include="DirectXGame\Game\Scene\Transition\BaseTransition.cpp">
      <Filter>ソース ファイル</Filter>
    </ClCompile>
    <ClCompile Include="DirectXGame\Game\Scene\Transition\FadeTransition.cpp">
      <Filter>ソース ファイル</Filter>
    </ClCompile>
    <ClCompile Include="DirectXGame\Game\Scene\Transition\StripeTransition.cpp">
      <Filter>ソース ファイル</Filter>
    </ClCompile>
    <ClCompile Include="DirectXGame\Game\Scene\Transition\TransitionManager.cpp">
      <Filter>ソース ファイル</Filter>
    </ClCompile>
    <ClCompile Include="DirectXGame\Game\Scene\DemoScene.cpp">
      <Filter>ソース ファイル</Filter>
    </ClCompile>
    <ClCompile Include="DirectXGame\Game\Wave\WaveDef.cpp">
      <Filter>ソース ファイル</Filter>
    </ClCompile>
    <ClCompile Include="DirectXGame\Game\Spline\SplineCurveActor.cpp">
      <Filter>ソース ファイル</Filter>
    </ClCompile>
    <ClCompile Include="DirectXGame\Game\Spline\RailCameraController.cpp">
      <Filter>ソース ファイル</Filter>
    </ClCompile>
    <ClCompile Include="DirectXGame\Game\Spline\CameraRotKey.cpp">
      <Filter>ソース ファイル</Filter>
    </ClCompile>
    <ClCompile Include="DirectXGame\Game\Spline\RailAimController.cpp">
      <Filter>ソース ファイル</Filter>
    </ClCompile>
    <ClCompile Include="DirectXGame\Game\UI\Reticle.cpp">
      <Filter>ソース ファイル</Filter>
    </ClCompile>
    <ClCompile Include="DirectXGame\Game\Enemy\EnemyController.cpp">
      <Filter>ソース ファイル</Filter>
    </ClCompile>
    <ClCompile Include="DirectXGame\Game\Enemy\EnemyCommandFactory.cpp">
      <Filter>ソース ファイル</Filter>
    </ClCompile>
    <ClCompile Include="DirectXGame\Game\Enemy\Boss\BossActionManager.cpp">
      <Filter>ソース ファイル</Filter>
    </ClCompile>
    <ClCompile Include="DirectXGame\Game\Enemy\Boss\BossStateMachine.cpp">
      <Filter>ソース ファイル</Filter>
    </ClCompile>
  </ItemGroup>
  <ItemGroup>
    <ClInclude Include="DirectXGame\Game\Score\ScoreManager.h">
      <Filter>ヘッダー ファイル</Filter>
    </ClInclude>
    <ClInclude Include="DirectXGame\Game\Score\BossRetryState.h">
      <Filter>ヘッダー ファイル</Filter>
    </ClInclude>
    <ClInclude Include="DirectXGame\Game\Config\GameActions.h">
      <Filter>ヘッダー ファイル</Filter>
    </ClInclude>
    <ClInclude Include="DirectXGame\Game\Components\EntityTag.h">
      <Filter>ヘッダー ファイル</Filter>
    </ClInclude>
    <ClInclude Include="DirectXGame\Game\Components\HP.h">
      <Filter>ヘッダー ファイル</Filter>
    </ClInclude>
    <ClInclude Include="DirectXGame\Game\Components\DamageDealer.h">
      <Filter>ヘッダー ファイル</Filter>
    </ClInclude>
    <ClInclude Include="DirectXGame\Game\Components\BulletParams.h">
      <Filter>ヘッダー ファイル</Filter>
    </ClInclude>
    <ClInclude Include="DirectXGame\Game\Components\MeleeParams.h">
      <Filter>ヘッダー ファイル</Filter>
    </ClInclude>
    <ClInclude Include="DirectXGame\Game\Components\CarrierParams.h">
      <Filter>ヘッダー ファイル</Filter>
    </ClInclude>
    <ClInclude Include="DirectXGame\Game\Components\MovementParams.h">
      <Filter>ヘッダー ファイル</Filter>
    </ClInclude>
    <ClInclude Include="DirectXGame\Game\Components\ChargeParams.h">
      <Filter>ヘッダー ファイル</Filter>
    </ClInclude>
    <ClInclude Include="DirectXGame\Game\Components\PrecisionParams.h">
      <Filter>ヘッダー ファイル</Filter>
    </ClInclude>
    <ClInclude Include="DirectXGame\Game\Components\WeaponParams.h">
      <Filter>ヘッダー ファイル</Filter>
    </ClInclude>
    <ClInclude Include="DirectXGame\Game\Components\SphereCollider.h">
      <Filter>ヘッダー ファイル</Filter>
    </ClInclude>
    <ClInclude Include="DirectXGame\Game\Components\CollisionMatrix.h">
      <Filter>ヘッダー ファイル</Filter>
    </ClInclude>
    <ClInclude Include="DirectXGame\Game\Components\CollisionManager.h">
      <Filter>ヘッダー ファイル</Filter>
    </ClInclude>
    <ClInclude Include="DirectXGame\Game\Components\Gameplay.h">
      <Filter>ヘッダー ファイル</Filter>
    </ClInclude>
    <ClInclude Include="DirectXGame\Game\Components\GameplayComponents.h">
      <Filter>ヘッダー ファイル</Filter>
    </ClInclude>
    <ClInclude Include="DirectXGame\Game\Components\Prefab.h">
      <Filter>ヘッダー ファイル</Filter>
    </ClInclude>
    <ClInclude Include="DirectXGame\Game\Components\PrefabManager.h">
      <Filter>ヘッダー ファイル</Filter>
    </ClInclude>
    <ClInclude Include="DirectXGame\Game\Config\KeyConfig.h">
      <Filter>ヘッダー ファイル</Filter>
    </ClInclude>
    <ClInclude Include="DirectXGame\ImGUIManager\HierarchyWindow.h">
      <Filter>ヘッダー ファイル</Filter>
    </ClInclude>
    <ClInclude Include="DirectXGame\ImGUIManager\InspectorWindow.h">
      <Filter>ヘッダー ファイル</Filter>
    </ClInclude>
    <ClInclude Include="DirectXGame\ImGUIManager\SceneEditorWindow.h">
      <Filter>ヘッダー ファイル</Filter>
    </ClInclude>
    <ClInclude Include="DirectXGame\Game\Game.h">
      <Filter>ヘッダー ファイル</Filter>
    </ClInclude>
    <ClInclude Include="DirectXGame\Game\Scene\GameScene.h">
      <Filter>ヘッダー ファイル</Filter>
    </ClInclude>
    <ClInclude Include="DirectXGame\Game\Scene\HubScene.h">
      <Filter>ヘッダー ファイル</Filter>
    </ClInclude>
    <ClInclude Include="DirectXGame\Game\Scene\StageSelectScene.h">
      <Filter>ヘッダー ファイル</Filter>
    </ClInclude>
    <ClInclude Include="DirectXGame\Game\Scene\StagePlayScene.h">
      <Filter>ヘッダー ファイル</Filter>
    </ClInclude>
    <ClInclude Include="DirectXGame\Game\Scene\RailStagePart.h">
      <Filter>ヘッダー ファイル</Filter>
    </ClInclude>
    <ClInclude Include="DirectXGame\Game\Scene\StageEnvironment.h">
      <Filter>ヘッダー ファイル</Filter>
    </ClInclude>
    <ClInclude Include="DirectXGame\Game\Scene\SceneSerializer.h">
      <Filter>ヘッダー ファイル</Filter>
    </ClInclude>
    <ClInclude Include="DirectXGame\Game\Scene\BossStagePart.h">
      <Filter>ヘッダー ファイル</Filter>
    </ClInclude>
    <ClInclude Include="DirectXGame\Game\Scene\ResultScene.h">
      <Filter>ヘッダー ファイル</Filter>
    </ClInclude>
    <ClInclude Include="DirectXGame\Game\Scene\GameOverScene.h">
      <Filter>ヘッダー ファイル</Filter>
    </ClInclude>
    <ClInclude Include="DirectXGame\Game\Scene\SceneManager.h">
      <Filter>ヘッダー ファイル</Filter>
    </ClInclude>
    <ClInclude Include="DirectXGame\Game\Scene\TitleScene.h">
      <Filter>ヘッダー ファイル</Filter>
    </ClInclude>
    <ClInclude Include="DirectXGame\Game\Scene\SceneFactory.h">
      <Filter>ヘッダー ファイル</Filter>
    </ClInclude>
    <ClInclude Include="DirectXGame\Game\Scene\Transition\BaseTransition.h">
      <Filter>ヘッダー ファイル</Filter>
    </ClInclude>
    <ClInclude Include="DirectXGame\Game\Scene\Transition\FadeTransition.h">
      <Filter>ヘッダー ファイル</Filter>
    </ClInclude>
    <ClInclude Include="DirectXGame\Game\Scene\Transition\StripeTransition.h">
      <Filter>ヘッダー ファイル</Filter>
    </ClInclude>
    <ClInclude Include="DirectXGame\Game\Scene\Transition\TransitionManager.h">
      <Filter>ヘッダー ファイル</Filter>
    </ClInclude>
    <ClInclude Include="DirectXGame\Game\Scene\DemoScene.h">
      <Filter>ヘッダー ファイル</Filter>
    </ClInclude>
    <ClInclude Include="DirectXGame\Game\Wave\WaveDef.h">
      <Filter>ヘッダー ファイル</Filter>
    </ClInclude>
    <ClInclude Include="DirectXGame\Game\Spline\SplineCurveActor.h">
      <Filter>ヘッダー ファイル</Filter>
    </ClInclude>
    <ClInclude Include="DirectXGame\Game\Spline\RailCameraController.h">
      <Filter>ヘッダー ファイル</Filter>
    </ClInclude>
    <ClInclude Include="DirectXGame\Game\Spline\CameraRotKey.h">
      <Filter>ヘッダー ファイル</Filter>
    </ClInclude>
    <ClInclude Include="DirectXGame\Game\Spline\RailAimController.h">
      <Filter>ヘッダー ファイル</Filter>
    </ClInclude>
    <ClInclude Include="DirectXGame\Game\UI\Reticle.h">
      <Filter>ヘッダー ファイル</Filter>
    </ClInclude>
    <ClInclude Include="DirectXGame\Game\Enemy\IEnemyCommand.h">
      <Filter>ヘッダー ファイル</Filter>
    </ClInclude>
    <ClInclude Include="DirectXGame\Game\Enemy\EnemyContext.h">
      <Filter>ヘッダー ファイル</Filter>
    </ClInclude>
    <ClInclude Include="DirectXGame\Game\Enemy\EnemyController.h">
      <Filter>ヘッダー ファイル</Filter>
    </ClInclude>
    <ClInclude Include="DirectXGame\Game\Enemy\EnemyCommandFactory.h">
      <Filter>ヘッダー ファイル</Filter>
    </ClInclude>
    <ClInclude Include="DirectXGame\Game\Enemy\Commands\ShootAtPlayerCommand.h">
      <Filter>ヘッダー ファイル</Filter>
    </ClInclude>
    <ClInclude Include="DirectXGame\Game\Enemy\Commands\HoverStationCommand.h">
      <Filter>ヘッダー ファイル</Filter>
    </ClInclude>
    <ClInclude Include="DirectXGame\Game\Enemy\Commands\RetreatCommand.h">
      <Filter>ヘッダー ファイル</Filter>
    </ClInclude>
    <ClInclude Include="DirectXGame\Game\Enemy\Commands\BossAttackCommand.h">
      <Filter>ヘッダー ファイル</Filter>
    </ClInclude>
    <ClInclude Include="DirectXGame\Game\Enemy\Commands\ChargeRushCommand.h">
      <Filter>ヘッダー ファイル</Filter>
    </ClInclude>
    <ClInclude Include="DirectXGame\Game\Enemy\Commands\SpawnDroneCommand.h">
      <Filter>ヘッダー ファイル</Filter>
    </ClInclude>
    <ClInclude Include="DirectXGame\Game\Enemy\Commands\WanderInScreenCommand.h">
      <Filter>ヘッダー ファイル</Filter>
    </ClInclude>
    <ClInclude Include="DirectXGame\Game\Enemy\Boss\IBossAction.h">
      <Filter>ヘッダー ファイル</Filter>
    </ClInclude>
    <ClInclude Include="DirectXGame\Game\Enemy\Boss\BossActionManager.h">
      <Filter>ヘッダー ファイル</Filter>
    </ClInclude>
    <ClInclude Include="DirectXGame\Game\Enemy\Boss\BossStateMachine.h">
      <Filter>ヘッダー ファイル</Filter>
    </ClInclude>
    <ClInclude Include="DirectXGame\Game\Enemy\Boss\BossBrainCommand.h">
      <Filter>ヘッダー ファイル</Filter>
    </ClInclude>
    <ClInclude Include="DirectXGame\Game\Enemy\Boss\Action\BossAttackRanged.h">
      <Filter>ヘッダー ファイル</Filter>
    </ClInclude>
    <ClInclude Include="DirectXGame\Game\Enemy\Boss\Action\BossMoveApproach.h">
      <Filter>ヘッダー ファイル</Filter>
    </ClInclude>
    <ClInclude Include="DirectXGame\Game\Enemy\Boss\Action\BossMoveJumpOver.h">
      <Filter>ヘッダー ファイル</Filter>
    </ClInclude>
    <ClInclude Include="DirectXGame\Game\Enemy\Boss\Action\BossAttackMelee.h">
      <Filter>ヘッダー ファイル</Filter>
    </ClInclude>
  </ItemGroup>
  <ItemGroup>
    <FxCompile Include="Resources\Shaders\Object3D\Object3d.VS.hlsl" />
    <FxCompile Include="Resources\Shaders\Object3D\Object3d.PS.hlsl" />
    <FxCompile Include="Resources\Shaders\Particle\Particle.PS.hlsl" />
    <FxCompile Include="Resources\Shaders\Particle\Particle.VS.hlsl" />
    <FxCompile Include="Resources\Shaders\Sprite\Sprite.PS.hlsl" />
    <FxCompile Include="Resources\Shaders\Sprite\Sprite.VS.hlsl" />
    <FxCompile Include="Resources\Shaders\PostEffect\Common\CopyImage.VS.hlsl" />
    <FxCompile Include="Resources\Shaders\PostEffect\Common\CopyImage.PS.hlsl" />
    <FxCompile Include="Resources\Shaders\PostEffect\Filters\Grayscale.PS.hlsl" />
    <FxCompile Include="Resources\Shaders\PostEffect\Common\PostProcess.PS.hlsl" />
    <FxCompile Include="Resources\Shaders\PostEffect\Common\PostProcess.VS.hlsl" />
    <FxCompile Include="Resources\Shaders\PostEffect\Filters\Sepia.PS.hlsl" />
    <FxCompile Include="Resources\Shaders\PostEffect\Filters\Vignette.PS.hlsl" />
    <FxCompile Include="Resources\Shaders\PostEffect\Filters\PrecisionBlur.PS.hlsl" />
    <FxCompile Include="Resources\Shaders\PostEffect\Filters\Smoothing.PS.hlsl" />
    <FxCompile Include="Resources\Shaders\PostEffect\Filters\GaussianFilter.PS.hlsl" />
    <FxCompile Include="Resources\Shaders\Skybox\Skybox.PS.hlsl" />
    <FxCompile Include="Resources\Shaders\Skybox\Skybox.VS.hlsl" />
    <FxCompile Include="Resources\Shaders\Object3D\Object3dNoEnv.PS.hlsl" />
    <FxCompile Include="Resources\Shaders\Primitive\Primitive.VS.hlsl" />
    <FxCompile Include="Resources\Shaders\Primitive\Primitive.PS.hlsl" />
    <FxCompile Include="Resources\Shaders\Primitive\Line.VS.hlsl" />
    <FxCompile Include="Resources\Shaders\Primitive\Line.PS.hlsl" />
    <FxCompile Include="Resources\Shaders\Skinning\Skinning.CS.hlsl" />
    <FxCompile Include="Resources\Shaders\Particle\InitializeParticle.CS.hlsl" />
    <FxCompile Include="Resources\Shaders\Particle\GPUParticle.VS.hlsl" />
    <FxCompile Include="Resources\Shaders\Particle\GPUParticle.PS.hlsl" />
    <FxCompile Include="Resources\Shaders\Particle\EmitParticle.CS.hlsl" />
    <FxCompile Include="Resources\Shaders\Particle\UpdateParticle.CS.hlsl" />
  </ItemGroup>
  <ItemGroup>
    <Text Include="externals\ImGUI\LICENSE.txt">
      <Filter>InGUI</Filter>
    </Text>
  </ItemGroup>
  <ItemGroup>
    <None Include="Resources\Shaders\Object3D\Object3d.hlsli" />
    <None Include="Resources\Shaders\Particle\Particle.hlsli" />
    <None Include="Resources\Shaders\Particle\Random.hlsli" />
    <None Include="Resources\Shaders\PostEffect\Common\CopyImage.hlsli" />
    <None Include="Resources\Shaders\PostEffect\Common\PostProcess.hlsli" />
    <None Include="Resources\Shaders\Skybox\Skybox.hlsli" />
    <None Include="Resources\Shaders\Sprite\Sprite.hlsli" />
    <None Include="Resources\Shaders\Primitive\Primitive.hlsli" />
    <None Include="tools\Python\convert_hdr_to_dds.py" />
    <None Include="tools\Python\cook_assets.py" />
    <None Include="tools\Python\pack_assets.py" />
    <None Include="tools\Python\package_release.py" />
    <None Include="tools\Python\package_project.py" />
    <None Include="tools\Batch\package_project.bat" />
  </ItemGroup>
</Project>